[[package]]
category = "main"
description = "Python package for providing Mozilla's CA Bundle."
name = "certifi"
optional = false
python-versions = "*"
version = "2019.11.28"

[[package]]
category = "main"
description = "Universal encoding detector for Python 2 and 3"
name = "chardet"
optional = false
python-versions = "*"
version = "3.0.4"

[[package]]
category = "main"
description = "Internationalized Domain Names in Applications (IDNA)"
name = "idna"
optional = false
python-versions = ">=2.7, !=3.0.*, !=3.1.*, !=3.2.*, !=3.3.*"
version = "2.8"

[[package]]
category = "main"
description = "Writing user interfaces without all that ugly mucking about in hyperspace"
name = "npyscreen"
optional = false
python-versions = "*"
version = "4.10.5"

[[package]]
category = "main"
description = "Python HTTP for Humans."
name = "requests"
optional = false
python-versions = ">=2.7, !=3.0.*, !=3.1.*, !=3.2.*, !=3.3.*, !=3.4.*"
version = "2.22.0"

[package.dependencies]
certifi = ">=2017.4.17"
chardet = ">=3.0.2,<3.1.0"
idna = ">=2.5,<2.9"
urllib3 = ">=1.21.1,<1.25.0 || >1.25.0,<1.25.1 || >1.25.1,<1.26"

[[package]]
category = "main"
description = "Python 2 and 3 compatibility utilities"
name = "six"
optional = false
python-versions = ">=2.7, !=3.0.*, !=3.1.*, !=3.2.*"
version = "1.14.0"

[[package]]
category = "main"
description = "A light weight Python library for the Spotify Web API"
name = "spotipy"
optional = false
python-versions = "*"
version = "2.7.1"

[package.dependencies]
requests = ">=2.20.0"
six = ">=1.10.0"

[[package]]
category = "main"
description = "HTTP library with thread-safe connection pooling, file post, and more."
name = "urllib3"
optional = false
python-versions = ">=2.7, !=3.0.*, !=3.1.*, !=3.2.*, !=3.3.*, !=3.4.*, <4"
version = "1.25.8"

[metadata]
content-hash = "b5c51be733c8de54af74510a33b84be36fc82d809d52ac74c01536a367717743"
python-versions = "^3.7"

[metadata.hashes]
certifi = ["017c25db2a153ce562900032d5bc68e9f191e44e9a0f762f373977de9df1fbb3", "25b64c7da4cd7479594d035c08c2d809eb4aab3a26e5a990ea98cc450c320f1f"]
chardet = ["84ab92ed1c4d4f16916e05906b6b75a6c0fb5db821cc65e70cbd64a3e2a5eaae", "fc323ffcaeaed0e0a02bf4d117757b98aed530d9ed4531e3e15460124c106691"]
idna = ["c357b3f628cf53ae2c4c05627ecc484553142ca23264e593d327bcde5e9c3407", "ea8b7f6188e6fa117537c3df7da9fc686d485087abf6ac197f9c46432f7e4a3c"]
npyscreen = ["622ee0f9a5dae946e635b7c6e0f6d65e1ed3c9ea0d20b89dab7f58d580e5126e"]
requests = ["11e007a8a2aa0323f5a921e9e6a2d7e4e67d9877e85773fba9ba6419025cbeb4", "9cf5292fcd0f598c671cfc1e0d7d1a7f13bb8085e9a590f48c010551dc6c4b31"]
six = ["236bdbdce46e6e6a3d61a337c0f8b763ca1e8717c03b369e87a7ec7ce1319c0a", "8f3cd2e254d8f793e7f3d6d9df77b92252b52637291d0f0da013c76ea2724b6c"]
spotipy = ["79db6916b2e7592b66e21fe4b8406ebe915a6d1bcbf1197e7708982977bd8fc4", "ac39bd909a6d51ea92184748178cb127ee0506799caef22857efa0681fc11005"]
urllib3 = ["2f3db8b19923a873b3e5256dc9c2dedfa883e33d87c690d9c7913e1f40673cdc", "87716c2d2a7121198ebcb7ce7cccf6ce5e9ba539041cfbaeecfb641dc0bf6acc"]
